
Microsoft Visual Studio Solution File, Format Version 12.00
# Visual Studio Version 17
VisualStudioVersion = 17.8.34525.116
MinimumVisualStudioVersion = 10.0.40219.1
Project("{FAE04EC0-301F-11D3-BF4B-00C04F79EFBC}") = "Assingment12", "Assingment12\Assingment12.csproj", "{8286AD17-DBDF-44D8-A835-69060B295C15}"
EndProject
Global
	GlobalSection(SolutionConfigurationPlatforms) = preSolution
		Debug|Any CPU = Debug|Any CPU
		Release|Any CPU = Release|Any CPU
	EndGlobalSection
	GlobalSection(ProjectConfigurationPlatforms) = postSolution
		{8286AD17-DBDF-44D8-A835-69060B295C15}.Debug|Any CPU.ActiveCfg = Debug|Any CPU
		{8286AD17-DBDF-44D8-A835-69060B295C15}.Debug|Any CPU.Build.0 = Debug|Any CPU
		{8286AD17-DBDF-44D8-A835-69060B295C15}.Release|Any CPU.ActiveCfg = Release|Any CPU
		{8286AD17-DBDF-44D8-A835-69060B295C15}.Release|Any CPU.Build.0 = Release|Any CPU
	EndGlobalSection
	GlobalSection(SolutionProperties) = preSolution
		HideSolutionNode = FALSE
	EndGlobalSection
	GlobalSection(ExtensibilityGlobals) = postSolution
		SolutionGuid = {468A0437-E1DD-40FA-A1B6-140DEB94FC5E}
	EndGlobalSection
EndGlobal
